// !$*UTF8*$!
{
	archiveVersion = 1;
	classes = {
	};
	objectVersion = 52;
	objects = {

/* Begin PBXBuildFile section */
		09FC73BF26E9F53100210DF9 /* ListOfFilmsApp.swift in Sources */ = {isa = PBXBuildFile; fileRef = 09FC73BE26E9F53100210DF9 /* ListOfFilmsApp.swift */; };
		09FC73C126E9F53100210DF9 /* FilmsList.swift in Sources */ = {isa = PBXBuildFile; fileRef = 09FC73C026E9F53100210DF9 /* FilmsList.swift */; };
		09FC73C326E9F53100210DF9 /* Assets.xcassets in Resources */ = {isa = PBXBuildFile; fileRef = 09FC73C226E9F53100210DF9 /* Assets.xcassets */; };
		09FC73C626E9F53100210DF9 /* Preview Assets.xcassets in Resources */ = {isa = PBXBuildFile; fileRef = 09FC73C526E9F53100210DF9 /* Preview Assets.xcassets */; };
		09FC73CE26E9F67900210DF9 /* FilmsModel.swift in Sources */ = {isa = PBXBuildFile; fileRef = 09FC73CD26E9F67900210DF9 /* FilmsModel.swift */; };
		09FC73D026E9F72100210DF9 /* Agent.swift in Sources */ = {isa = PBXBuildFile; fileRef = 09FC73CF26E9F72100210DF9 /* Agent.swift */; };
		09FC73D226E9F82500210DF9 /* FilmsService.swift in Sources */ = {isa = PBXBuildFile; fileRef = 09FC73D126E9F82500210DF9 /* FilmsService.swift */; };
		09FC73D426E9F88B00210DF9 /* FilmsViewModel.swift in Sources */ = {isa = PBXBuildFile; fileRef = 09FC73D326E9F88B00210DF9 /* FilmsViewModel.swift */; };
		09FC73D626EA0D3900210DF9 /* DetailFilmView.swift in Sources */ = {isa = PBXBuildFile; fileRef = 09FC73D526EA0D3900210DF9 /* DetailFilmView.swift */; };
		09FC73D926EA0FC000210DF9 /* SDWebImageSwiftUI in Frameworks */ = {isa = PBXBuildFile; productRef = 09FC73D826EA0FC000210DF9 /* SDWebImageSwiftUI */; };
		09FC73DB26EA1B0400210DF9 /* ErrorView.swift in Sources */ = {isa = PBXBuildFile; fileRef = 09FC73DA26EA1B0400210DF9 /* ErrorView.swift */; };
		09FC73DF26EA1DDC00210DF9 /* StateView.swift in Sources */ = {isa = PBXBuildFile; fileRef = 09FC73DE26EA1DDC00210DF9 /* StateView.swift */; };
		09FC73E126EA1DE900210DF9 /* Color.swift in Sources */ = {isa = PBXBuildFile; fileRef = 09FC73E026EA1DE900210DF9 /* Color.swift */; };
		09FC73E326EA1E8F00210DF9 /* DetailViewModel.swift in Sources */ = {isa = PBXBuildFile; fileRef = 09FC73E226EA1E8F00210DF9 /* DetailViewModel.swift */; };
		09FC73E526EA1EE300210DF9 /* BaseViewModel.swift in Sources */ = {isa = PBXBuildFile; fileRef = 09FC73E426EA1EE300210DF9 /* BaseViewModel.swift */; };
		09FC73E726EA1FB400210DF9 /* URLRequest.swift in Sources */ = {isa = PBXBuildFile; fileRef = 09FC73E626EA1FB400210DF9 /* URLRequest.swift */; };
		09FC73E926EA1FCB00210DF9 /* Scheduler.swift in Sources */ = {isa = PBXBuildFile; fileRef = 09FC73E826EA1FCB00210DF9 /* Scheduler.swift */; };
/* End PBXBuildFile section */

/* Begin PBXFileReference section */
		09FC73BB26E9F53100210DF9 /* ListOfFilms.app */ = {isa = PBXFileReference; explicitFileType = wrapper.application; includeInIndex = 0; path = ListOfFilms.app; sourceTree = BUILT_PRODUCTS_DIR; };
		09FC73BE26E9F53100210DF9 /* ListOfFilmsApp.swift */ = {isa = PBXFileReference; lastKnownFileType = sourcecode.swift; path = ListOfFilmsApp.swift; sourceTree = "<group>"; };
		09FC73C026E9F53100210DF9 /* FilmsList.swift */ = {isa = PBXFileReference; lastKnownFileType = sourcecode.swift; path = FilmsList.swift; sourceTree = "<group>"; };
		09FC73C226E9F53100210DF9 /* Assets.xcassets */ = {isa = PBXFileReference; lastKnownFileType = folder.assetcatalog; path = Assets.xcassets; sourceTree = "<group>"; };
		09FC73C526E9F53100210DF9 /* Preview Assets.xcassets */ = {isa = PBXFileReference; lastKnownFileType = folder.assetcatalog; path = "Preview Assets.xcassets"; sourceTree = "<group>"; };
		09FC73C726E9F53100210DF9 /* Info.plist */ = {isa = PBXFileReference; lastKnownFileType = text.plist.xml; path = Info.plist; sourceTree = "<group>"; };
		09FC73CD26E9F67900210DF9 /* FilmsModel.swift */ = {isa = PBXFileReference; lastKnownFileType = sourcecode.swift; path = FilmsModel.swift; sourceTree = "<group>"; };
		09FC73CF26E9F72100210DF9 /* Agent.swift */ = {isa = PBXFileReference; lastKnownFileType = sourcecode.swift; path = Agent.swift; sourceTree = "<group>"; };
		09FC73D126E9F82500210DF9 /* FilmsService.swift */ = {isa = PBXFileReference; lastKnownFileType = sourcecode.swift; path = FilmsService.swift; sourceTree = "<group>"; };
		09FC73D326E9F88B00210DF9 /* FilmsViewModel.swift */ = {isa = PBXFileReference; lastKnownFileType = sourcecode.swift; path = FilmsViewModel.swift; sourceTree = "<group>"; };
		09FC73D526EA0D3900210DF9 /* DetailFilmView.swift */ = {isa = PBXFileReference; lastKnownFileType = sourcecode.swift; path = DetailFilmView.swift; sourceTree = "<group>"; };
		09FC73DA26EA1B0400210DF9 /* ErrorView.swift */ = {isa = PBXFileReference; lastKnownFileType = sourcecode.swift; path = ErrorView.swift; sourceTree = "<group>"; };
		09FC73DE26EA1DDC00210DF9 /* StateView.swift */ = {isa = PBXFileReference; lastKnownFileType = sourcecode.swift; path = StateView.swift; sourceTree = "<group>"; };
		09FC73E026EA1DE900210DF9 /* Color.swift */ = {isa = PBXFileReference; lastKnownFileType = sourcecode.swift; path = Color.swift; sourceTree = "<group>"; };
		09FC73E226EA1E8F00210DF9 /* DetailViewModel.swift */ = {isa = PBXFileReference; lastKnownFileType = sourcecode.swift; path = DetailViewModel.swift; sourceTree = "<group>"; };
		09FC73E426EA1EE300210DF9 /* BaseViewModel.swift */ = {isa = PBXFileReference; lastKnownFileType = sourcecode.swift; path = BaseViewModel.swift; sourceTree = "<group>"; };
		09FC73E626EA1FB400210DF9 /* URLRequest.swift */ = {isa = PBXFileReference; lastKnownFileType = sourcecode.swift; path = URLRequest.swift; sourceTree = "<group>"; };
		09FC73E826EA1FCB00210DF9 /* Scheduler.swift */ = {isa = PBXFileReference; lastKnownFileType = sourcecode.swift; path = Scheduler.swift; sourceTree = "<group>"; };
/* End PBXFileReference section */

/* Begin PBXFrameworksBuildPhase section */
		09FC73B826E9F53100210DF9 /* Frameworks */ = {
			isa = PBXFrameworksBuildPhase;
			buildActionMask = 2147483647;
			files = (
				09FC73D926EA0FC000210DF9 /* SDWebImageSwiftUI in Frameworks */,
			);
			runOnlyForDeploymentPostprocessing = 0;
		};
/* End PBXFrameworksBuildPhase section */

/* Begin PBXGroup section */
		09FC73B226E9F53100210DF9 = {
			isa = PBXGroup;
			children = (
				09FC73BD26E9F53100210DF9 /* ListOfFilms */,
				09FC73BC26E9F53100210DF9 /* Products */,
			);
			sourceTree = "<group>";
		};
		09FC73BC26E9F53100210DF9 /* Products */ = {
			isa = PBXGroup;
			children = (
				09FC73BB26E9F53100210DF9 /* ListOfFilms.app */,
			);
			name = Products;
			sourceTree = "<group>";
		};
		09FC73BD26E9F53100210DF9 /* ListOfFilms */ = {
			isa = PBXGroup;
			children = (
				09FC73C226E9F53100210DF9 /* Assets.xcassets */,
				09FC73EC26EA203200210DF9 /* Extension */,
				09FC73C726E9F53100210DF9 /* Info.plist */,
				09FC73C426E9F53100210DF9 /* Preview Content */,
				09FC73ED26EA207200210DF9 /* Scene */,
				09FC73EB26EA201200210DF9 /* Utils */,
			);
			path = ListOfFilms;
			sourceTree = "<group>";
		};
		09FC73C426E9F53100210DF9 /* Preview Content */ = {
			isa = PBXGroup;
			children = (
				09FC73C526E9F53100210DF9 /* Preview Assets.xcassets */,
			);
			path = "Preview Content";
			sourceTree = "<group>";
		};
		09FC73EB26EA201200210DF9 /* Utils */ = {
			isa = PBXGroup;
			children = (
				09FC73DE26EA1DDC00210DF9 /* StateView.swift */,
				09FC73E426EA1EE300210DF9 /* BaseViewModel.swift */,
				09FC73E826EA1FCB00210DF9 /* Scheduler.swift */,
			);
			path = Utils;
			sourceTree = "<group>";
		};
		09FC73EC26EA203200210DF9 /* Extension */ = {
			isa = PBXGroup;
			children = (
				09FC73E026EA1DE900210DF9 /* Color.swift */,
				09FC73E626EA1FB400210DF9 /* URLRequest.swift */,
			);
			path = Extension;
			sourceTree = "<group>";
		};
		09FC73ED26EA207200210DF9 /* Scene */ = {
			isa = PBXGroup;
			children = (
				09FC73F226EA20E800210DF9 /* App */,
				09FC73F126EA20E000210DF9 /* Error */,
				09FC73F026EA20BF00210DF9 /* Networking */,
				09FC73EF26EA209300210DF9 /* FilmsList */,
				09FC73EE26EA207A00210DF9 /* Detail */,
			);
			path = Scene;
			sourceTree = "<group>";
		};
		09FC73EE26EA207A00210DF9 /* Detail */ = {
			isa = PBXGroup;
			children = (
				09FC73D526EA0D3900210DF9 /* DetailFilmView.swift */,
				09FC73E226EA1E8F00210DF9 /* DetailViewModel.swift */,
			);
			path = Detail;
			sourceTree = "<group>";
		};
		09FC73EF26EA209300210DF9 /* FilmsList */ = {
			isa = PBXGroup;
			children = (
				09FC73CD26E9F67900210DF9 /* FilmsModel.swift */,
				09FC73C026E9F53100210DF9 /* FilmsList.swift */,
				09FC73D326E9F88B00210DF9 /* FilmsViewModel.swift */,
			);
			path = FilmsList;
			sourceTree = "<group>";
		};
		09FC73F026EA20BF00210DF9 /* Networking */ = {
			isa = PBXGroup;
			children = (
				09FC73D126E9F82500210DF9 /* FilmsService.swift */,
				09FC73CF26E9F72100210DF9 /* Agent.swift */,
			);
			path = Networking;
			sourceTree = "<group>";
		};
		09FC73F126EA20E000210DF9 /* Error */ = {
			isa = PBXGroup;
			children = (
				09FC73DA26EA1B0400210DF9 /* ErrorView.swift */,
			);
			path = Error;
			sourceTree = "<group>";
		};
		09FC73F226EA20E800210DF9 /* App */ = {
			isa = PBXGroup;
			children = (
				09FC73BE26E9F53100210DF9 /* ListOfFilmsApp.swift */,
			);
			path = App;
			sourceTree = "<group>";
		};
/* End PBXGroup section */

/* Begin PBXNativeTarget section */
		09FC73BA26E9F53100210DF9 /* ListOfFilms */ = {
			isa = PBXNativeTarget;
			buildConfigurationList = 09FC73CA26E9F53100210DF9 /* Build configuration list for PBXNativeTarget "ListOfFilms" */;
			buildPhases = (
				09FC73B726E9F53100210DF9 /* Sources */,
				09FC73B826E9F53100210DF9 /* Frameworks */,
				09FC73B926E9F53100210DF9 /* Resources */,
			);
			buildRules = (
			);
			dependencies = (
			);
			name = ListOfFilms;
			packageProductDependencies = (
				09FC73D826EA0FC000210DF9 /* SDWebImageSwiftUI */,
			);
			productName = ListOfFilms;
			productReference = 09FC73BB26E9F53100210DF9 /* ListOfFilms.app */;
			productType = "com.apple.product-type.application";
		};
/* End PBXNativeTarget section */

/* Begin PBXProject section */
		09FC73B326E9F53100210DF9 /* Project object */ = {
			isa = PBXProject;
			attributes = {
				LastSwiftUpdateCheck = 1250;
				LastUpgradeCheck = 1250;
				TargetAttributes = {
					09FC73BA26E9F53100210DF9 = {
						CreatedOnToolsVersion = 12.5;
					};
				};
			};
			buildConfigurationList = 09FC73B626E9F53100210DF9 /* Build configuration list for PBXProject "ListOfFilms" */;
			compatibilityVersion = "Xcode 9.3";
			developmentRegion = en;
			hasScannedForEncodings = 0;
			knownRegions = (
				en,
				Base,
			);
			mainGroup = 09FC73B226E9F53100210DF9;
			packageReferences = (
				09FC73D726EA0FC000210DF9 /* XCRemoteSwiftPackageReference "SDWebImageSwiftUI" */,
			);
			productRefGroup = 09FC73BC26E9F53100210DF9 /* Products */;
			projectDirPath = "";
			projectRoot = "";
			targets = (
				09FC73BA26E9F53100210DF9 /* ListOfFilms */,
			);
		};
/* End PBXProject section */

/* Begin PBXResourcesBuildPhase section */
		09FC73B926E9F53100210DF9 /* Resources */ = {
			isa = PBXResourcesBuildPhase;
			buildActionMask = 2147483647;
			files = (
				09FC73C626E9F53100210DF9 /* Preview Assets.xcassets in Resources */,
				09FC73C326E9F53100210DF9 /* Assets.xcassets in Resources */,
			);
			runOnlyForDeploymentPostprocessing = 0;
		};
/* End PBXResourcesBuildPhase section */

/* Begin PBXSourcesBuildPhase section */
		09FC73B726E9F53100210DF9 /* Sources */ = {
			isa = PBXSourcesBuildPhase;
			buildActionMask = 2147483647;
			files = (
				09FC73D626EA0D3900210DF9 /* DetailFilmView.swift in Sources */,
				09FC73D426E9F88B00210DF9 /* FilmsViewModel.swift in Sources */,
				09FC73D226E9F82500210DF9 /* FilmsService.swift in Sources */,
				09FC73E126EA1DE900210DF9 /* Color.swift in Sources */,
				09FC73CE26E9F67900210DF9 /* FilmsModel.swift in Sources */,
				09FC73E526EA1EE300210DF9 /* BaseViewModel.swift in Sources */,
				09FC73D026E9F72100210DF9 /* Agent.swift in Sources */,
				09FC73C126E9F53100210DF9 /* FilmsList.swift in Sources */,
				09FC73E726EA1FB400210DF9 /* URLRequest.swift in Sources */,
				09FC73DF26EA1DDC00210DF9 /* StateView.swift in Sources */,
				09FC73BF26E9F53100210DF9 /* ListOfFilmsApp.swift in Sources */,
				09FC73E326EA1E8F00210DF9 /* DetailViewModel.swift in Sources */,
				09FC73E926EA1FCB00210DF9 /* Scheduler.swift in Sources */,
				09FC73DB26EA1B0400210DF9 /* ErrorView.swift in Sources */,
			);
			runOnlyForDeploymentPostprocessing = 0;
		};
/* End PBXSourcesBuildPhase section */

/* Begin XCBuildConfiguration section */
		09FC73C826E9F53100210DF9 /* Debug */ = {
			isa = XCBuildConfiguration;
			buildSettings = {
				ALWAYS_SEARCH_USER_PATHS = NO;
				CLANG_ANALYZER_NONNULL = YES;
				CLANG_ANALYZER_NUMBER_OBJECT_CONVERSION = YES_AGGRESSIVE;
				CLANG_CXX_LANGUAGE_STANDARD = "gnu++14";
				CLANG_CXX_LIBRARY = "libc++";
				CLANG_ENABLE_MODULES = YES;
				CLANG_ENABLE_OBJC_ARC = YES;
				CLANG_ENABLE_OBJC_WEAK = YES;
				CLANG_WARN_BLOCK_CAPTURE_AUTORELEASING = YES;
				CLANG_WARN_BOOL_CONVERSION = YES;
				CLANG_WARN_COMMA = YES;
				CLANG_WARN_CONSTANT_CONVERSION = YES;
				CLANG_WARN_DEPRECATED_OBJC_IMPLEMENTATIONS = YES;
				CLANG_WARN_DIRECT_OBJC_ISA_USAGE = YES_ERROR;
				CLANG_WARN_DOCUMENTATION_COMMENTS = YES;
				CLANG_WARN_EMPTY_BODY = YES;
				CLANG_WARN_ENUM_CONVERSION = YES;
				CLANG_WARN_INFINITE_RECURSION = YES;
				CLANG_WARN_INT_CONVERSION = YES;
				CLANG_WARN_NON_LITERAL_NULL_CONVERSION = YES;
				CLANG_WARN_OBJC_IMPLICIT_RETAIN_SELF = YES;
				CLANG_WARN_OBJC_LITERAL_CONVERSION = YES;
				CLANG_WARN_OBJC_ROOT_CLASS = YES_ERROR;
				CLANG_WARN_QUOTED_INCLUDE_IN_FRAMEWORK_HEADER = YES;
				CLANG_WARN_RANGE_LOOP_ANALYSIS = YES;
				CLANG_WARN_STRICT_PROTOTYPES = YES;
				CLANG_WARN_SUSPICIOUS_MOVE = YES;
				CLANG_WARN_UNGUARDED_AVAILABILITY = YES_AGGRESSIVE;
				CLANG_WARN_UNREACHABLE_CODE = YES;
				CLANG_WARN__DUPLICATE_METHOD_MATCH = YES;
				COPY_PHASE_STRIP = NO;
				DEBUG_INFORMATION_FORMAT = dwarf;
				ENABLE_STRICT_OBJC_MSGSEND = YES;
				ENABLE_TESTABILITY = YES;
				GCC_C_LANGUAGE_STANDARD = gnu11;
				GCC_DYNAMIC_NO_PIC = NO;
				GCC_NO_COMMON_BLOCKS = YES;
				GCC_OPTIMIZATION_LEVEL = 0;
				GCC_PREPROCESSOR_DEFINITIONS = (
					"DEBUG=1",
					"$(inherited)",
				);
				GCC_WARN_64_TO_32_BIT_CONVERSION = YES;
				GCC_WARN_ABOUT_RETURN_TYPE = YES_ERROR;
				GCC_WARN_UNDECLARED_SELECTOR = YES;
				GCC_WARN_UNINITIALIZED_AUTOS = YES_AGGRESSIVE;
				GCC_WARN_UNUSED_FUNCTION = YES;
				GCC_WARN_UNUSED_VARIABLE = YES;
				IPHONEOS_DEPLOYMENT_TARGET = 14.5;
				MTL_ENABLE_DEBUG_INFO = INCLUDE_SOURCE;
				MTL_FAST_MATH = YES;
				ONLY_ACTIVE_ARCH = YES;
				SDKROOT = iphoneos;
				SWIFT_ACTIVE_COMPILATION_CONDITIONS = DEBUG;
				SWIFT_OPTIMIZATION_LEVEL = "-Onone";
			};
			name = Debug;
		};
		09FC73C926E9F53100210DF9 /* Release */ = {
			isa = XCBuildConfiguration;
			buildSettings = {
				ALWAYS_SEARCH_USER_PATHS = NO;
				CLANG_ANALYZER_NONNULL = YES;
				CLANG_ANALYZER_NUMBER_OBJECT_CONVERSION = YES_AGGRESSIVE;
				CLANG_CXX_LANGUAGE_STANDARD = "gnu++14";
				CLANG_CXX_LIBRARY = "libc++";
				CLANG_ENABLE_MODULES = YES;
				CLANG_ENABLE_OBJC_ARC = YES;
				CLANG_ENABLE_OBJC_WEAK = YES;
				CLANG_WARN_BLOCK_CAPTURE_AUTORELEASING = YES;
				CLANG_WARN_BOOL_CONVERSION = YES;
				CLANG_WARN_COMMA = YES;
				CLANG_WARN_CONSTANT_CONVERSION = YES;
				CLANG_WARN_DEPRECATED_OBJC_IMPLEMENTATIONS = YES;
				CLANG_WARN_DIRECT_OBJC_ISA_USAGE = YES_ERROR;
				CLANG_WARN_DOCUMENTATION_COMMENTS = YES;
				CLANG_WARN_EMPTY_BODY = YES;
				CLANG_WARN_ENUM_CONVERSION = YES;
				CLANG_WARN_INFINITE_RECURSION = YES;
				CLANG_WARN_INT_CONVERSION = YES;
				CLANG_WARN_NON_LITERAL_NULL_CONVERSION = YES;
				CLANG_WARN_OBJC_IMPLICIT_RETAIN_SELF = YES;
				CLANG_WARN_OBJC_LITERAL_CONVERSION = YES;
				CLANG_WARN_OBJC_ROOT_CLASS = YES_ERROR;
				CLANG_WARN_QUOTED_INCLUDE_IN_FRAMEWORK_HEADER = YES;
				CLANG_WARN_RANGE_LOOP_ANALYSIS = YES;
				CLANG_WARN_STRICT_PROTOTYPES = YES;
				CLANG_WARN_SUSPICIOUS_MOVE = YES;
				CLANG_WARN_UNGUARDED_AVAILABILITY = YES_AGGRESSIVE;
				CLANG_WARN_UNREACHABLE_CODE = YES;
				CLANG_WARN__DUPLICATE_METHOD_MATCH = YES;
				COPY_PHASE_STRIP = NO;
				DEBUG_INFORMATION_FORMAT = "dwarf-with-dsym";
				ENABLE_NS_ASSERTIONS = NO;
				ENABLE_STRICT_OBJC_MSGSEND = YES;
				GCC_C_LANGUAGE_STANDARD = gnu11;
				GCC_NO_COMMON_BLOCKS = YES;
				GCC_WARN_64_TO_32_BIT_CONVERSION = YES;
				GCC_WARN_ABOUT_RETURN_TYPE = YES_ERROR;
				GCC_WARN_UNDECLARED_SELECTOR = YES;
				GCC_WARN_UNINITIALIZED_AUTOS = YES_AGGRESSIVE;
				GCC_WARN_UNUSED_FUNCTION = YES;
				GCC_WARN_UNUSED_VARIABLE = YES;
				IPHONEOS_DEPLOYMENT_TARGET = 14.5;
				MTL_ENABLE_DEBUG_INFO = NO;
				MTL_FAST_MATH = YES;
				SDKROOT = iphoneos;
				SWIFT_COMPILATION_MODE = wholemodule;
				SWIFT_OPTIMIZATION_LEVEL = "-O";
				VALIDATE_PRODUCT = YES;
			};
			name = Release;
		};
		09FC73CB26E9F53100210DF9 /* Debug */ = {
			isa = XCBuildConfiguration;
			buildSettings = {
				ASSETCATALOG_COMPILER_APPICON_NAME = AppIcon;
				ASSETCATALOG_COMPILER_GLOBAL_ACCENT_COLOR_NAME = AccentColor;
				CODE_SIGN_STYLE = Automatic;
				DEVELOPMENT_ASSET_PATHS = "\"ListOfFilms/Preview Content\"";
				DEVELOPMENT_TEAM = 9B7MLUGM59;
				ENABLE_PREVIEWS = YES;
				INFOPLIST_FILE = ListOfFilms/Info.plist;
				IPHONEOS_DEPLOYMENT_TARGET = 14.0;
				LD_RUNPATH_SEARCH_PATHS = (
					"$(inherited)",
					"@executable_path/Frameworks",
				);
				PRODUCT_BUNDLE_IDENTIFIER = com.everlastingholder.ListOfFilms;
				PRODUCT_NAME = "$(TARGET_NAME)";
				SWIFT_VERSION = 5.0;
				TARGETED_DEVICE_FAMILY = "1,2";
			};
			name = Debug;
		};
		09FC73CC26E9F53100210DF9 /* Release */ = {
			isa = XCBuildConfiguration;
			buildSettings = {
				ASSETCATALOG_COMPILER_APPICON_NAME = AppIcon;
				ASSETCATALOG_COMPILER_GLOBAL_ACCENT_COLOR_NAME = AccentColor;
				CODE_SIGN_STYLE = Automatic;
				DEVELOPMENT_ASSET_PATHS = "\"ListOfFilms/Preview Content\"";
				DEVELOPMENT_TEAM = 9B7MLUGM59;
				ENABLE_PREVIEWS = YES;
				INFOPLIST_FILE = ListOfFilms/Info.plist;
				IPHONEOS_DEPLOYMENT_TARGET = 14.0;
				LD_RUNPATH_SEARCH_PATHS = (
					"$(inherited)",
					"@executable_path/Frameworks",
				);
				PRODUCT_BUNDLE_IDENTIFIER = com.everlastingholder.ListOfFilms;
				PRODUCT_NAME = "$(TARGET_NAME)";
				SWIFT_VERSION = 5.0;
				TARGETED_DEVICE_FAMILY = "1,2";
			};
			name = Release;
		};
/* End XCBuildConfiguration section */

/* Begin XCConfigurationList section */
		09FC73B626E9F53100210DF9 /* Build configuration list for PBXProject "ListOfFilms" */ = {
			isa = XCConfigurationList;
			buildConfigurations = (
				09FC73C826E9F53100210DF9 /* Debug */,
				09FC73C926E9F53100210DF9 /* Release */,
			);
			defaultConfigurationIsVisible = 0;
			defaultConfigurationName = Release;
		};
		09FC73CA26E9F53100210DF9 /* Build configuration list for PBXNativeTarget "ListOfFilms" */ = {
			isa = XCConfigurationList;
			buildConfigurations = (
				09FC73CB26E9F53100210DF9 /* Debug */,
				09FC73CC26E9F53100210DF9 /* Release */,
			);
			defaultConfigurationIsVisible = 0;
			defaultConfigurationName = Release;
		};
/* End XCConfigurationList section */

/* Begin XCRemoteSwiftPackageReference section */
		09FC73D726EA0FC000210DF9 /* XCRemoteSwiftPackageReference "SDWebImageSwiftUI" */ = {
			isa = XCRemoteSwiftPackageReference;
			repositoryURL = "https://github.com/SDWebImage/SDWebImageSwiftUI.git";
			requirement = {
				kind = upToNextMajorVersion;
				minimumVersion = 2.0.2;
			};
		};
/* End XCRemoteSwiftPackageReference section */

/* Begin XCSwiftPackageProductDependency section */
		09FC73D826EA0FC000210DF9 /* SDWebImageSwiftUI */ = {
			isa = XCSwiftPackageProductDependency;
			package = 09FC73D726EA0FC000210DF9 /* XCRemoteSwiftPackageReference "SDWebImageSwiftUI" */;
			productName = SDWebImageSwiftUI;
		};
/* End XCSwiftPackageProductDependency section */
	};
	rootObject = 09FC73B326E9F53100210DF9 /* Project object */;
}
